
Microsoft Visual Studio Solution File, Format Version 12.00
# Visual Studio 15
VisualStudioVersion = 15.0.26730.16
MinimumVisualStudioVersion = 10.0.40219.1
Project("{FAE04EC0-301F-11D3-BF4B-00C04F79EFBC}") = "tapp", "tapp\tapp.csproj", "{B00EF4CB-A659-4973-B366-D98748B6C2F3}"
EndProject
Project("{FAE04EC0-301F-11D3-BF4B-00C04F79EFBC}") = "BLogic", "BLogic\BLogic.csproj", "{29802180-5537-4F7D-B3BD-FC4062F75BB6}"
EndProject
Project("{FAE04EC0-301F-11D3-BF4B-00C04F79EFBC}") = "BObject", "BObject\BObject.csproj", "{1F1021DF-296F-4609-B19B-CEF4EB162B0B}"
EndProject
Project("{FAE04EC0-301F-11D3-BF4B-00C04F79EFBC}") = "DAL", "DAL\DAL.csproj", "{E847C70B-25ED-44D0-B4AB-0E4F9411CFC2}"
EndProject
Global
	GlobalSection(SolutionConfigurationPlatforms) = preSolution
		Debug|Any CPU = Debug|Any CPU
		Release|Any CPU = Release|Any CPU
	EndGlobalSection
	GlobalSection(ProjectConfigurationPlatforms) = postSolution
		{B00EF4CB-A659-4973-B366-D98748B6C2F3}.Debug|Any CPU.ActiveCfg = Debug|Any CPU
		{B00EF4CB-A659-4973-B366-D98748B6C2F3}.Debug|Any CPU.Build.0 = Debug|Any CPU
		{B00EF4CB-A659-4973-B366-D98748B6C2F3}.Release|Any CPU.ActiveCfg = Release|Any CPU
		{B00EF4CB-A659-4973-B366-D98748B6C2F3}.Release|Any CPU.Build.0 = Release|Any CPU
		{29802180-5537-4F7D-B3BD-FC4062F75BB6}.Debug|Any CPU.ActiveCfg = Debug|Any CPU
		{29802180-5537-4F7D-B3BD-FC4062F75BB6}.Debug|Any CPU.Build.0 = Debug|Any CPU
		{29802180-5537-4F7D-B3BD-FC4062F75BB6}.Release|Any CPU.ActiveCfg = Release|Any CPU
		{29802180-5537-4F7D-B3BD-FC4062F75BB6}.Release|Any CPU.Build.0 = Release|Any CPU
		{1F1021DF-296F-4609-B19B-CEF4EB162B0B}.Debug|Any CPU.ActiveCfg = Debug|Any CPU
		{1F1021DF-296F-4609-B19B-CEF4EB162B0B}.Debug|Any CPU.Build.0 = Debug|Any CPU
		{1F1021DF-296F-4609-B19B-CEF4EB162B0B}.Release|Any CPU.ActiveCfg = Release|Any CPU
		{1F1021DF-296F-4609-B19B-CEF4EB162B0B}.Release|Any CPU.Build.0 = Release|Any CPU
		{E847C70B-25ED-44D0-B4AB-0E4F9411CFC2}.Debug|Any CPU.ActiveCfg = Debug|Any CPU
		{E847C70B-25ED-44D0-B4AB-0E4F9411CFC2}.Debug|Any CPU.Build.0 = Debug|Any CPU
		{E847C70B-25ED-44D0-B4AB-0E4F9411CFC2}.Release|Any CPU.ActiveCfg = Release|Any CPU
		{E847C70B-25ED-44D0-B4AB-0E4F9411CFC2}.Release|Any CPU.Build.0 = Release|Any CPU
	EndGlobalSection
	GlobalSection(SolutionProperties) = preSolution
		HideSolutionNode = FALSE
	EndGlobalSection
	GlobalSection(ExtensibilityGlobals) = postSolution
		SolutionGuid = {79263495-83EE-42DA-A111-62BE57CB3FCB}
	EndGlobalSection
EndGlobal
